
Microsoft Visual Studio Solution File, Format Version 12.00
# Visual Studio 15
VisualStudioVersion = 15.0.27703.2018
MinimumVisualStudioVersion = 10.0.40219.1
Project("{FAE04EC0-301F-11D3-BF4B-00C04F79EFBC}") = "WebApp", "WebApp\WebApp.csproj", "{E28F4EC5-3945-43D2-8080-B9617907EA8B}"
EndProject
Project("{FAE04EC0-301F-11D3-BF4B-00C04F79EFBC}") = "GBC.Structure", "Structure\GBC.Structure.csproj", "{8B4E7402-C389-41D2-9857-6CB1FA4790A6}"
EndProject
Project("{FAE04EC0-301F-11D3-BF4B-00C04F79EFBC}") = "GBC.Business", "GBC.Business\GBC.Business.csproj", "{80B453C4-E34A-4BD3-A0BC-D7291BCB9448}"
EndProject
Project("{FAE04EC0-301F-11D3-BF4B-00C04F79EFBC}") = "GBC.DB", "GBC.DB\GBC.DB.csproj", "{8A533319-E3BA-442C-9F51-14DE4423A6D7}"
EndProject
Project("{FAE04EC0-301F-11D3-BF4B-00C04F79EFBC}") = "Common", "Common\Common.csproj", "{38C5970F-DF1B-4915-90A3-D574A1E998FC}"
EndProject
Project("{FAE04EC0-301F-11D3-BF4B-00C04F79EFBC}") = "HiLand.Utility4", "..\..\hiland\SRC\HiLand.Utility4\HiLand.Utility4.csproj", "{DCEC4525-16E2-4A20-A816-E775E063E187}"
EndProject
Project("{FAE04EC0-301F-11D3-BF4B-00C04F79EFBC}") = "HiLand.Utility", "..\..\hiland\SRC\HiLand.Utility\HiLand.Utility.csproj", "{D7D5A5AA-C68E-48C6-A768-B76D33CC04FA}"
EndProject
Global
	GlobalSection(SolutionConfigurationPlatforms) = preSolution
		Debug|Any CPU = Debug|Any CPU
		Release|Any CPU = Release|Any CPU
	EndGlobalSection
	GlobalSection(ProjectConfigurationPlatforms) = postSolution
		{E28F4EC5-3945-43D2-8080-B9617907EA8B}.Debug|Any CPU.ActiveCfg = Debug|Any CPU
		{E28F4EC5-3945-43D2-8080-B9617907EA8B}.Debug|Any CPU.Build.0 = Debug|Any CPU
		{E28F4EC5-3945-43D2-8080-B9617907EA8B}.Release|Any CPU.ActiveCfg = Release|Any CPU
		{E28F4EC5-3945-43D2-8080-B9617907EA8B}.Release|Any CPU.Build.0 = Release|Any CPU
		{8B4E7402-C389-41D2-9857-6CB1FA4790A6}.Debug|Any CPU.ActiveCfg = Debug|Any CPU
		{8B4E7402-C389-41D2-9857-6CB1FA4790A6}.Debug|Any CPU.Build.0 = Debug|Any CPU
		{8B4E7402-C389-41D2-9857-6CB1FA4790A6}.Release|Any CPU.ActiveCfg = Release|Any CPU
		{8B4E7402-C389-41D2-9857-6CB1FA4790A6}.Release|Any CPU.Build.0 = Release|Any CPU
		{80B453C4-E34A-4BD3-A0BC-D7291BCB9448}.Debug|Any CPU.ActiveCfg = Debug|Any CPU
		{80B453C4-E34A-4BD3-A0BC-D7291BCB9448}.Debug|Any CPU.Build.0 = Debug|Any CPU
		{80B453C4-E34A-4BD3-A0BC-D7291BCB9448}.Release|Any CPU.ActiveCfg = Release|Any CPU
		{80B453C4-E34A-4BD3-A0BC-D7291BCB9448}.Release|Any CPU.Build.0 = Release|Any CPU
		{8A533319-E3BA-442C-9F51-14DE4423A6D7}.Debug|Any CPU.ActiveCfg = Debug|Any CPU
		{8A533319-E3BA-442C-9F51-14DE4423A6D7}.Debug|Any CPU.Build.0 = Debug|Any CPU
		{8A533319-E3BA-442C-9F51-14DE4423A6D7}.Release|Any CPU.ActiveCfg = Release|Any CPU
		{8A533319-E3BA-442C-9F51-14DE4423A6D7}.Release|Any CPU.Build.0 = Release|Any CPU
		{38C5970F-DF1B-4915-90A3-D574A1E998FC}.Debug|Any CPU.ActiveCfg = Debug|Any CPU
		{38C5970F-DF1B-4915-90A3-D574A1E998FC}.Debug|Any CPU.Build.0 = Debug|Any CPU
		{38C5970F-DF1B-4915-90A3-D574A1E998FC}.Release|Any CPU.ActiveCfg = Release|Any CPU
		{38C5970F-DF1B-4915-90A3-D574A1E998FC}.Release|Any CPU.Build.0 = Release|Any CPU
		{DCEC4525-16E2-4A20-A816-E775E063E187}.Debug|Any CPU.ActiveCfg = Debug|Any CPU
		{DCEC4525-16E2-4A20-A816-E775E063E187}.Debug|Any CPU.Build.0 = Debug|Any CPU
		{DCEC4525-16E2-4A20-A816-E775E063E187}.Release|Any CPU.ActiveCfg = Release|Any CPU
		{DCEC4525-16E2-4A20-A816-E775E063E187}.Release|Any CPU.Build.0 = Release|Any CPU
		{D7D5A5AA-C68E-48C6-A768-B76D33CC04FA}.Debug|Any CPU.ActiveCfg = Debug|Any CPU
		{D7D5A5AA-C68E-48C6-A768-B76D33CC04FA}.Debug|Any CPU.Build.0 = Debug|Any CPU
		{D7D5A5AA-C68E-48C6-A768-B76D33CC04FA}.Release|Any CPU.ActiveCfg = Release|Any CPU
		{D7D5A5AA-C68E-48C6-A768-B76D33CC04FA}.Release|Any CPU.Build.0 = Release|Any CPU
	EndGlobalSection
	GlobalSection(SolutionProperties) = preSolution
		HideSolutionNode = FALSE
	EndGlobalSection
	GlobalSection(ExtensibilityGlobals) = postSolution
		SolutionGuid = {2618A82D-4D38-4EF6-B40A-FA11E451171A}
	EndGlobalSection
EndGlobal
